
Microsoft Visual Studio Solution File, Format Version 12.00
# Visual Studio Version 17
VisualStudioVersion = 17.8.34316.72
MinimumVisualStudioVersion = 10.0.40219.1
Project("{888888A0-9F3D-457C-B088-3A5042F75D52}") = "16-weather_app", "16-weather_app.pyproj", "{C9ACE169-2696-4797-A7CA-ED69B24F60BA}"
EndProject
Global
	GlobalSection(SolutionConfigurationPlatforms) = preSolution
		Debug|Any CPU = Debug|Any CPU
		Release|Any CPU = Release|Any CPU
	EndGlobalSection
	GlobalSection(ProjectConfigurationPlatforms) = postSolution
		{C9ACE169-2696-4797-A7CA-ED69B24F60BA}.Debug|Any CPU.ActiveCfg = Debug|Any CPU
		{C9ACE169-2696-4797-A7CA-ED69B24F60BA}.Debug|Any CPU.Build.0 = Debug|Any CPU
		{C9ACE169-2696-4797-A7CA-ED69B24F60BA}.Release|Any CPU.ActiveCfg = Release|Any CPU
		{C9ACE169-2696-4797-A7CA-ED69B24F60BA}.Release|Any CPU.Build.0 = Release|Any CPU
	EndGlobalSection
	GlobalSection(SolutionProperties) = preSolution
		HideSolutionNode = FALSE
	EndGlobalSection
	GlobalSection(ExtensibilityGlobals) = postSolution
		SolutionGuid = {5852FF89-BC32-46B1-B777-2CE3BD3AA050}
	EndGlobalSection
EndGlobal
